
Microsoft Visual Studio Solution File, Format Version 12.00
# Visual Studio 15
VisualStudioVersion = 15.0.27130.2026
MinimumVisualStudioVersion = 10.0.40219.1
Project("{FAE04EC0-301F-11D3-BF4B-00C04F79EFBC}") = "ConsoleApp12", "ConsoleApp12\ConsoleApp12.csproj", "{1BF548A4-20CB-459B-BC72-D4FF423C81B0}"
EndProject
Global
	GlobalSection(SolutionConfigurationPlatforms) = preSolution
		Debug|Any CPU = Debug|Any CPU
		Release|Any CPU = Release|Any CPU
	EndGlobalSection
	GlobalSection(ProjectConfigurationPlatforms) = postSolution
		{1BF548A4-20CB-459B-BC72-D4FF423C81B0}.Debug|Any CPU.ActiveCfg = Debug|Any CPU
		{1BF548A4-20CB-459B-BC72-D4FF423C81B0}.Debug|Any CPU.Build.0 = Debug|Any CPU
		{1BF548A4-20CB-459B-BC72-D4FF423C81B0}.Release|Any CPU.ActiveCfg = Release|Any CPU
		{1BF548A4-20CB-459B-BC72-D4FF423C81B0}.Release|Any CPU.Build.0 = Release|Any CPU
	EndGlobalSection
	GlobalSection(SolutionProperties) = preSolution
		HideSolutionNode = FALSE
	EndGlobalSection
	GlobalSection(ExtensibilityGlobals) = postSolution
		SolutionGuid = {ED2EAD88-24C4-43B9-97F4-DAAE549C6A6F}
	EndGlobalSection
EndGlobal
